
Microsoft Visual Studio Solution File, Format Version 12.00
# Visual Studio Version 16
VisualStudioVersion = 16.0.30225.117
MinimumVisualStudioVersion = 10.0.40219.1
Project("{9A19103F-16F7-4668-BE54-9A1E7A4F7556}") = "LessonWPF1", "LessonWPF1\LessonWPF1.csproj", "{65D13020-D396-4E81-8B7D-E1EDEC9D929F}"
EndProject
Project("{9A19103F-16F7-4668-BE54-9A1E7A4F7556}") = "Lesson1", "Lesson1\Lesson1.csproj", "{87602C53-7A5E-48C3-B9AA-BBEB70DDB199}"
EndProject
Project("{9A19103F-16F7-4668-BE54-9A1E7A4F7556}") = "Forms1HW", "Forms1HW\Forms1HW.csproj", "{0FF293D5-925C-4FDA-8470-99C7333EB618}"
EndProject
Project("{FAE04EC0-301F-11D3-BF4B-00C04F79EFBC}") = "Forms2HW", "Forms2HW\Forms2HW.csproj", "{FDF4D0CD-9040-4C03-8713-1E8D38B96D92}"
EndProject
Global
	GlobalSection(SolutionConfigurationPlatforms) = preSolution
		Debug|Any CPU = Debug|Any CPU
		Release|Any CPU = Release|Any CPU
	EndGlobalSection
	GlobalSection(ProjectConfigurationPlatforms) = postSolution
		{65D13020-D396-4E81-8B7D-E1EDEC9D929F}.Debug|Any CPU.ActiveCfg = Debug|Any CPU
		{65D13020-D396-4E81-8B7D-E1EDEC9D929F}.Debug|Any CPU.Build.0 = Debug|Any CPU
		{65D13020-D396-4E81-8B7D-E1EDEC9D929F}.Release|Any CPU.ActiveCfg = Release|Any CPU
		{65D13020-D396-4E81-8B7D-E1EDEC9D929F}.Release|Any CPU.Build.0 = Release|Any CPU
		{87602C53-7A5E-48C3-B9AA-BBEB70DDB199}.Debug|Any CPU.ActiveCfg = Debug|Any CPU
		{87602C53-7A5E-48C3-B9AA-BBEB70DDB199}.Debug|Any CPU.Build.0 = Debug|Any CPU
		{87602C53-7A5E-48C3-B9AA-BBEB70DDB199}.Release|Any CPU.ActiveCfg = Release|Any CPU
		{87602C53-7A5E-48C3-B9AA-BBEB70DDB199}.Release|Any CPU.Build.0 = Release|Any CPU
		{0FF293D5-925C-4FDA-8470-99C7333EB618}.Debug|Any CPU.ActiveCfg = Debug|Any CPU
		{0FF293D5-925C-4FDA-8470-99C7333EB618}.Debug|Any CPU.Build.0 = Debug|Any CPU
		{0FF293D5-925C-4FDA-8470-99C7333EB618}.Release|Any CPU.ActiveCfg = Release|Any CPU
		{0FF293D5-925C-4FDA-8470-99C7333EB618}.Release|Any CPU.Build.0 = Release|Any CPU
		{FDF4D0CD-9040-4C03-8713-1E8D38B96D92}.Debug|Any CPU.ActiveCfg = Debug|Any CPU
		{FDF4D0CD-9040-4C03-8713-1E8D38B96D92}.Debug|Any CPU.Build.0 = Debug|Any CPU
		{FDF4D0CD-9040-4C03-8713-1E8D38B96D92}.Release|Any CPU.ActiveCfg = Release|Any CPU
		{FDF4D0CD-9040-4C03-8713-1E8D38B96D92}.Release|Any CPU.Build.0 = Release|Any CPU
	EndGlobalSection
	GlobalSection(SolutionProperties) = preSolution
		HideSolutionNode = FALSE
	EndGlobalSection
	GlobalSection(ExtensibilityGlobals) = postSolution
		SolutionGuid = {88103E4D-B9AA-4209-8110-DB71C8672150}
	EndGlobalSection
EndGlobal
